
Microsoft Visual Studio Solution File, Format Version 12.00
# Visual Studio Version 16
VisualStudioVersion = 16.0.32228.343
MinimumVisualStudioVersion = 10.0.40219.1
Project("{FAE04EC0-301F-11D3-BF4B-00C04F79EFBC}") = "NumDIfSymb", "NumDIfSymb\NumDIfSymb.csproj", "{AC5347BA-43BF-4420-8C64-8641441587A5}"
EndProject
Global
	GlobalSection(SolutionConfigurationPlatforms) = preSolution
		Debug|Any CPU = Debug|Any CPU
		Release|Any CPU = Release|Any CPU
	EndGlobalSection
	GlobalSection(ProjectConfigurationPlatforms) = postSolution
		{AC5347BA-43BF-4420-8C64-8641441587A5}.Debug|Any CPU.ActiveCfg = Debug|Any CPU
		{AC5347BA-43BF-4420-8C64-8641441587A5}.Debug|Any CPU.Build.0 = Debug|Any CPU
		{AC5347BA-43BF-4420-8C64-8641441587A5}.Release|Any CPU.ActiveCfg = Release|Any CPU
		{AC5347BA-43BF-4420-8C64-8641441587A5}.Release|Any CPU.Build.0 = Release|Any CPU
	EndGlobalSection
	GlobalSection(SolutionProperties) = preSolution
		HideSolutionNode = FALSE
	EndGlobalSection
	GlobalSection(ExtensibilityGlobals) = postSolution
		SolutionGuid = {197098E3-7BAF-430B-9E07-780A218FD3BF}
	EndGlobalSection
EndGlobal
