
Microsoft Visual Studio Solution File, Format Version 12.00
# Visual Studio Version 17
VisualStudioVersion = 17.2.32602.215
MinimumVisualStudioVersion = 10.0.40219.1
Project("{9A19103F-16F7-4668-BE54-9A1E7A4F7556}") = "Exceptions", "Exceptions\Exceptions.csproj", "{4EF8DA71-77A4-4F6D-B109-EE4041CC9349}"
EndProject
Global
	GlobalSection(SolutionConfigurationPlatforms) = preSolution
		Debug|Any CPU = Debug|Any CPU
		Release|Any CPU = Release|Any CPU
	EndGlobalSection
	GlobalSection(ProjectConfigurationPlatforms) = postSolution
		{4EF8DA71-77A4-4F6D-B109-EE4041CC9349}.Debug|Any CPU.ActiveCfg = Debug|Any CPU
		{4EF8DA71-77A4-4F6D-B109-EE4041CC9349}.Debug|Any CPU.Build.0 = Debug|Any CPU
		{4EF8DA71-77A4-4F6D-B109-EE4041CC9349}.Release|Any CPU.ActiveCfg = Release|Any CPU
		{4EF8DA71-77A4-4F6D-B109-EE4041CC9349}.Release|Any CPU.Build.0 = Release|Any CPU
	EndGlobalSection
	GlobalSection(SolutionProperties) = preSolution
		HideSolutionNode = FALSE
	EndGlobalSection
	GlobalSection(ExtensibilityGlobals) = postSolution
		SolutionGuid = {64873BC1-A13C-420B-ADF2-D8CF72211337}
	EndGlobalSection
EndGlobal
